{
  "version": "5",
  "specifiers": {
    "jsr:@std/assert@1.0.13": "1.0.13",
    "jsr:@std/internal@^1.0.6": "1.0.14",
    "npm:@electric-sql/pglite@0.3.8": "0.3.8",
    "npm:postgres@3.4.7": "3.4.7"
  },
  "jsr": {
    "@std/assert@1.0.13": {
      "integrity": "ae0d31e41919b12c656c742b22522c32fb26ed0cba32975cb0de2a273cb68b29",
      "dependencies": [
        "jsr:@std/internal"
      ]
    },
    "@std/internal@1.0.14": {
      "integrity": "291516b3d4c35024d6ffbc0a9df5bf4c64116e05b50012cf846710152d2ffdf7"
    }
  },
  "npm": {
    "@electric-sql/pglite@0.3.8": {
      "integrity": "sha512-VlAz/R7mktifp9IHzNvjxWJM8p3fPH2lHpustYuRSOXOpXiAMTlA5qqxcufPaDnfee6CZCE9qrT1MHDT7riSHg=="
    },
    "postgres@3.4.7": {
      "integrity": "sha512-Jtc2612XINuBjIl/QTWsV5UvE8UHuNblcO3vVADSrKsrc6RqGX6lOW1cEo3CM2v0XG4Nat8nI+YM7/f26VxXLw=="
    }
  },
  "workspace": {
    "dependencies": [
      "jsr:@std/assert@1.0.13",
      "npm:@electric-sql/pglite@0.3.8",
      "npm:postgres@3.4.7"
    ]
  }
}
